# This file is automatically @generated by Cargo.
# It is not intended for manual editing.
[[package]]
name = "file"
version = "1.1.2"
source = "registry+https://github.com/rust-lang/crates.io-index"
checksum = "072420e920a41e95a021116fb47c331d1199aab0f12ca1f77903d5c0ec65c37a"

[[package]]
name = "itoa"
version = "0.4.8"
source = "registry+https://github.com/rust-lang/crates.io-index"
checksum = "b71991ff56294aa922b450139ee08b3bfc70982c6b2c7562771375cf73542dd4"

[[package]]
name = "json-schema-to-c"
version = "0.1.0"
dependencies = [
 "file",
 "serde_json",
]

[[package]]
name = "ryu"
version = "1.0.5"
source = "registry+https://github.com/rust-lang/crates.io-index"
checksum = "71d301d4193d031abdd79ff7e3dd721168a9572ef3fe51a1517aba235bd8f86e"

[[package]]
name = "serde"
version = "1.0.128"
source = "registry+https://github.com/rust-lang/crates.io-index"
checksum = "1056a0db1978e9dbf0f6e4fca677f6f9143dc1c19de346f22cac23e422196834"

[[package]]
name = "serde_json"
version = "1.0.66"
source = "registry+https://github.com/rust-lang/crates.io-index"
checksum = "336b10da19a12ad094b59d870ebde26a45402e5b470add4b5fd03c5048a32127"
dependencies = [
 "itoa",
 "ryu",
 "serde",
]
