# This file is automatically @generated by Cargo.
# It is not intended for manual editing.
[[package]]
name = "file"
version = "1.1.2"
source = "registry+https://github.com/rust-lang/crates.io-index"
checksum = "072420e920a41e95a021116fb47c331d1199aab0f12ca1f77903d5c0ec65c37a"

[[package]]
name = "json-schema-to-c"
version = "0.1.0"
dependencies = [
 "file",
]
